
Microsoft Visual Studio Solution File, Format Version 12.00
# Visual Studio Version 16
VisualStudioVersion = 16.0.31410.357
MinimumVisualStudioVersion = 10.0.40219.1
Project("{FAE04EC0-301F-11D3-BF4B-00C04F79EFBC}") = "Avatar", "Avatar.csproj", "{C380C0FE-704F-43B2-A222-B1C2B59B649A}"
EndProject
Global
	GlobalSection(SolutionConfigurationPlatforms) = preSolution
		Debug|Any CPU = Debug|Any CPU
		Release|Any CPU = Release|Any CPU
	EndGlobalSection
	GlobalSection(ProjectConfigurationPlatforms) = postSolution
		{C380C0FE-704F-43B2-A222-B1C2B59B649A}.Debug|Any CPU.ActiveCfg = Debug|Any CPU
		{C380C0FE-704F-43B2-A222-B1C2B59B649A}.Debug|Any CPU.Build.0 = Debug|Any CPU
		{C380C0FE-704F-43B2-A222-B1C2B59B649A}.Release|Any CPU.ActiveCfg = Release|Any CPU
		{C380C0FE-704F-43B2-A222-B1C2B59B649A}.Release|Any CPU.Build.0 = Release|Any CPU
	EndGlobalSection
	GlobalSection(SolutionProperties) = preSolution
		HideSolutionNode = FALSE
	EndGlobalSection
	GlobalSection(ExtensibilityGlobals) = postSolution
		SolutionGuid = {1F0A6B70-5CAB-4324-B0F4-FC1D607CD9BA}
	EndGlobalSection
EndGlobal
